// !$*UTF8*$!
{
	archiveVersion = 1;
	classes = {
	};
	objectVersion = 50;
	objects = {

/* Begin PBXBuildFile section */
		82B766D025507F6B00CBCEB9 /* CICDTestApp.swift in Sources */ = {isa = PBXBuildFile; fileRef = 82B766CF25507F6B00CBCEB9 /* CICDTestApp.swift */; };
		82B766D225507F6B00CBCEB9 /* ContentView.swift in Sources */ = {isa = PBXBuildFile; fileRef = 82B766D125507F6B00CBCEB9 /* ContentView.swift */; };
		82B766D425507F6D00CBCEB9 /* Assets.xcassets in Resources */ = {isa = PBXBuildFile; fileRef = 82B766D325507F6D00CBCEB9 /* Assets.xcassets */; };
		82B766D725507F6D00CBCEB9 /* Preview Assets.xcassets in Resources */ = {isa = PBXBuildFile; fileRef = 82B766D625507F6D00CBCEB9 /* Preview Assets.xcassets */; };
		82B766E225507F6D00CBCEB9 /* CICDTestTests.swift in Sources */ = {isa = PBXBuildFile; fileRef = 82B766E125507F6D00CBCEB9 /* CICDTestTests.swift */; };
		82B766ED25507F6D00CBCEB9 /* CICDTestUITests.swift in Sources */ = {isa = PBXBuildFile; fileRef = 82B766EC25507F6D00CBCEB9 /* CICDTestUITests.swift */; };
/* End PBXBuildFile section */

/* Begin PBXContainerItemProxy section */
		82B766DE25507F6D00CBCEB9 /* PBXContainerItemProxy */ = {
			isa = PBXContainerItemProxy;
			containerPortal = 82B766C425507F6B00CBCEB9 /* Project object */;
			proxyType = 1;
			remoteGlobalIDString = 82B766CB25507F6B00CBCEB9;
			remoteInfo = CICDTest;
		};
		82B766E925507F6D00CBCEB9 /* PBXContainerItemProxy */ = {
			isa = PBXContainerItemProxy;
			containerPortal = 82B766C425507F6B00CBCEB9 /* Project object */;
			proxyType = 1;
			remoteGlobalIDString = 82B766CB25507F6B00CBCEB9;
			remoteInfo = CICDTest;
		};
/* End PBXContainerItemProxy section */

/* Begin PBXFileReference section */
		82B766CC25507F6B00CBCEB9 /* CICDTest.app */ = {isa = PBXFileReference; explicitFileType = wrapper.application; includeInIndex = 0; path = CICDTest.app; sourceTree = BUILT_PRODUCTS_DIR; };
		82B766CF25507F6B00CBCEB9 /* CICDTestApp.swift */ = {isa = PBXFileReference; lastKnownFileType = sourcecode.swift; path = CICDTestApp.swift; sourceTree = "<group>"; };
		82B766D125507F6B00CBCEB9 /* ContentView.swift */ = {isa = PBXFileReference; lastKnownFileType = sourcecode.swift; path = ContentView.swift; sourceTree = "<group>"; };
		82B766D325507F6D00CBCEB9 /* Assets.xcassets */ = {isa = PBXFileReference; lastKnownFileType = folder.assetcatalog; path = Assets.xcassets; sourceTree = "<group>"; };
		82B766D625507F6D00CBCEB9 /* Preview Assets.xcassets */ = {isa = PBXFileReference; lastKnownFileType = folder.assetcatalog; path = "Preview Assets.xcassets"; sourceTree = "<group>"; };
		82B766D825507F6D00CBCEB9 /* Info.plist */ = {isa = PBXFileReference; lastKnownFileType = text.plist.xml; path = Info.plist; sourceTree = "<group>"; };
		82B766DD25507F6D00CBCEB9 /* CICDTestTests.xctest */ = {isa = PBXFileReference; explicitFileType = wrapper.cfbundle; includeInIndex = 0; path = CICDTestTests.xctest; sourceTree = BUILT_PRODUCTS_DIR; };
		82B766E125507F6D00CBCEB9 /* CICDTestTests.swift */ = {isa = PBXFileReference; lastKnownFileType = sourcecode.swift; path = CICDTestTests.swift; sourceTree = "<group>"; };
		82B766E325507F6D00CBCEB9 /* Info.plist */ = {isa = PBXFileReference; lastKnownFileType = text.plist.xml; path = Info.plist; sourceTree = "<group>"; };
		82B766E825507F6D00CBCEB9 /* CICDTestUITests.xctest */ = {isa = PBXFileReference; explicitFileType = wrapper.cfbundle; includeInIndex = 0; path = CICDTestUITests.xctest; sourceTree = BUILT_PRODUCTS_DIR; };
		82B766EC25507F6D00CBCEB9 /* CICDTestUITests.swift */ = {isa = PBXFileReference; lastKnownFileType = sourcecode.swift; path = CICDTestUITests.swift; sourceTree = "<group>"; };
		82B766EE25507F6D00CBCEB9 /* Info.plist */ = {isa = PBXFileReference; lastKnownFileType = text.plist.xml; path = Info.plist; sourceTree = "<group>"; };
/* End PBXFileReference section */

/* Begin PBXFrameworksBuildPhase section */
		82B766C925507F6B00CBCEB9 /* Frameworks */ = {
			isa = PBXFrameworksBuildPhase;
			buildActionMask = 2147483647;
			files = (
			);
			runOnlyForDeploymentPostprocessing = 0;
		};
		82B766DA25507F6D00CBCEB9 /* Frameworks */ = {
			isa = PBXFrameworksBuildPhase;
			buildActionMask = 2147483647;
			files = (
			);
			runOnlyForDeploymentPostprocessing = 0;
		};
		82B766E525507F6D00CBCEB9 /* Frameworks */ = {
			isa = PBXFrameworksBuildPhase;
			buildActionMask = 2147483647;
			files = (
			);
			runOnlyForDeploymentPostprocessing = 0;
		};
/* End PBXFrameworksBuildPhase section */

/* Begin PBXGroup section */
		82B766C325507F6B00CBCEB9 = {
			isa = PBXGroup;
			children = (
				82B766CE25507F6B00CBCEB9 /* CICDTest */,
				82B766E025507F6D00CBCEB9 /* CICDTestTests */,
				82B766EB25507F6D00CBCEB9 /* CICDTestUITests */,
				82B766CD25507F6B00CBCEB9 /* Products */,
			);
			sourceTree = "<group>";
		};
		82B766CD25507F6B00CBCEB9 /* Products */ = {
			isa = PBXGroup;
			children = (
				82B766CC25507F6B00CBCEB9 /* CICDTest.app */,
				82B766DD25507F6D00CBCEB9 /* CICDTestTests.xctest */,
				82B766E825507F6D00CBCEB9 /* CICDTestUITests.xctest */,
			);
			name = Products;
			sourceTree = "<group>";
		};
		82B766CE25507F6B00CBCEB9 /* CICDTest */ = {
			isa = PBXGroup;
			children = (
				82B766CF25507F6B00CBCEB9 /* CICDTestApp.swift */,
				82B766D125507F6B00CBCEB9 /* ContentView.swift */,
				82B766D325507F6D00CBCEB9 /* Assets.xcassets */,
				82B766D825507F6D00CBCEB9 /* Info.plist */,
				82B766D525507F6D00CBCEB9 /* Preview Content */,
			);
			path = CICDTest;
			sourceTree = "<group>";
		};
		82B766D525507F6D00CBCEB9 /* Preview Content */ = {
			isa = PBXGroup;
			children = (
				82B766D625507F6D00CBCEB9 /* Preview Assets.xcassets */,
			);
			path = "Preview Content";
			sourceTree = "<group>";
		};
		82B766E025507F6D00CBCEB9 /* CICDTestTests */ = {
			isa = PBXGroup;
			children = (
				82B766E125507F6D00CBCEB9 /* CICDTestTests.swift */,
				82B766E325507F6D00CBCEB9 /* Info.plist */,
			);
			path = CICDTestTests;
			sourceTree = "<group>";
		};
		82B766EB25507F6D00CBCEB9 /* CICDTestUITests */ = {
			isa = PBXGroup;
			children = (
				82B766EC25507F6D00CBCEB9 /* CICDTestUITests.swift */,
				82B766EE25507F6D00CBCEB9 /* Info.plist */,
			);
			path = CICDTestUITests;
			sourceTree = "<group>";
		};
/* End PBXGroup section */

/* Begin PBXNativeTarget section */
		82B766CB25507F6B00CBCEB9 /* CICDTest */ = {
			isa = PBXNativeTarget;
			buildConfigurationList = 82B766F125507F6D00CBCEB9 /* Build configuration list for PBXNativeTarget "CICDTest" */;
			buildPhases = (
				82B766C825507F6B00CBCEB9 /* Sources */,
				82B766C925507F6B00CBCEB9 /* Frameworks */,
				82B766CA25507F6B00CBCEB9 /* Resources */,
			);
			buildRules = (
			);
			dependencies = (
			);
			name = CICDTest;
			productName = CICDTest;
			productReference = 82B766CC25507F6B00CBCEB9 /* CICDTest.app */;
			productType = "com.apple.product-type.application";
		};
		82B766DC25507F6D00CBCEB9 /* CICDTestTests */ = {
			isa = PBXNativeTarget;
			buildConfigurationList = 82B766F425507F6D00CBCEB9 /* Build configuration list for PBXNativeTarget "CICDTestTests" */;
			buildPhases = (
				82B766D925507F6D00CBCEB9 /* Sources */,
				82B766DA25507F6D00CBCEB9 /* Frameworks */,
				82B766DB25507F6D00CBCEB9 /* Resources */,
			);
			buildRules = (
			);
			dependencies = (
				82B766DF25507F6D00CBCEB9 /* PBXTargetDependency */,
			);
			name = CICDTestTests;
			productName = CICDTestTests;
			productReference = 82B766DD25507F6D00CBCEB9 /* CICDTestTests.xctest */;
			productType = "com.apple.product-type.bundle.unit-test";
		};
		82B766E725507F6D00CBCEB9 /* CICDTestUITests */ = {
			isa = PBXNativeTarget;
			buildConfigurationList = 82B766F725507F6D00CBCEB9 /* Build configuration list for PBXNativeTarget "CICDTestUITests" */;
			buildPhases = (
				82B766E425507F6D00CBCEB9 /* Sources */,
				82B766E525507F6D00CBCEB9 /* Frameworks */,
				82B766E625507F6D00CBCEB9 /* Resources */,
			);
			buildRules = (
			);
			dependencies = (
				82B766EA25507F6D00CBCEB9 /* PBXTargetDependency */,
			);
			name = CICDTestUITests;
			productName = CICDTestUITests;
			productReference = 82B766E825507F6D00CBCEB9 /* CICDTestUITests.xctest */;
			productType = "com.apple.product-type.bundle.ui-testing";
		};
/* End PBXNativeTarget section */

/* Begin PBXProject section */
		82B766C425507F6B00CBCEB9 /* Project object */ = {
			isa = PBXProject;
			attributes = {
				LastSwiftUpdateCheck = 1200;
				LastUpgradeCheck = 1200;
				TargetAttributes = {
					82B766CB25507F6B00CBCEB9 = {
						CreatedOnToolsVersion = 12.0.1;
					};
					82B766DC25507F6D00CBCEB9 = {
						CreatedOnToolsVersion = 12.0.1;
						TestTargetID = 82B766CB25507F6B00CBCEB9;
					};
					82B766E725507F6D00CBCEB9 = {
						CreatedOnToolsVersion = 12.0.1;
						TestTargetID = 82B766CB25507F6B00CBCEB9;
					};
				};
			};
			buildConfigurationList = 82B766C725507F6B00CBCEB9 /* Build configuration list for PBXProject "CICDTest" */;
			compatibilityVersion = "Xcode 9.3";
			developmentRegion = en;
			hasScannedForEncodings = 0;
			knownRegions = (
				en,
				Base,
			);
			mainGroup = 82B766C325507F6B00CBCEB9;
			productRefGroup = 82B766CD25507F6B00CBCEB9 /* Products */;
			projectDirPath = "";
			projectRoot = "";
			targets = (
				82B766CB25507F6B00CBCEB9 /* CICDTest */,
				82B766DC25507F6D00CBCEB9 /* CICDTestTests */,
				82B766E725507F6D00CBCEB9 /* CICDTestUITests */,
			);
		};
/* End PBXProject section */

/* Begin PBXResourcesBuildPhase section */
		82B766CA25507F6B00CBCEB9 /* Resources */ = {
			isa = PBXResourcesBuildPhase;
			buildActionMask = 2147483647;
			files = (
				82B766D725507F6D00CBCEB9 /* Preview Assets.xcassets in Resources */,
				82B766D425507F6D00CBCEB9 /* Assets.xcassets in Resources */,
			);
			runOnlyForDeploymentPostprocessing = 0;
		};
		82B766DB25507F6D00CBCEB9 /* Resources */ = {
			isa = PBXResourcesBuildPhase;
			buildActionMask = 2147483647;
			files = (
			);
			runOnlyForDeploymentPostprocessing = 0;
		};
		82B766E625507F6D00CBCEB9 /* Resources */ = {
			isa = PBXResourcesBuildPhase;
			buildActionMask = 2147483647;
			files = (
			);
			runOnlyForDeploymentPostprocessing = 0;
		};
/* End PBXResourcesBuildPhase section */

/* Begin PBXSourcesBuildPhase section */
		82B766C825507F6B00CBCEB9 /* Sources */ = {
			isa = PBXSourcesBuildPhase;
			buildActionMask = 2147483647;
			files = (
				82B766D225507F6B00CBCEB9 /* ContentView.swift in Sources */,
				82B766D025507F6B00CBCEB9 /* CICDTestApp.swift in Sources */,
			);
			runOnlyForDeploymentPostprocessing = 0;
		};
		82B766D925507F6D00CBCEB9 /* Sources */ = {
			isa = PBXSourcesBuildPhase;
			buildActionMask = 2147483647;
			files = (
				82B766E225507F6D00CBCEB9 /* CICDTestTests.swift in Sources */,
			);
			runOnlyForDeploymentPostprocessing = 0;
		};
		82B766E425507F6D00CBCEB9 /* Sources */ = {
			isa = PBXSourcesBuildPhase;
			buildActionMask = 2147483647;
			files = (
				82B766ED25507F6D00CBCEB9 /* CICDTestUITests.swift in Sources */,
			);
			runOnlyForDeploymentPostprocessing = 0;
		};
/* End PBXSourcesBuildPhase section */

/* Begin PBXTargetDependency section */
		82B766DF25507F6D00CBCEB9 /* PBXTargetDependency */ = {
			isa = PBXTargetDependency;
			target = 82B766CB25507F6B00CBCEB9 /* CICDTest */;
			targetProxy = 82B766DE25507F6D00CBCEB9 /* PBXContainerItemProxy */;
		};
		82B766EA25507F6D00CBCEB9 /* PBXTargetDependency */ = {
			isa = PBXTargetDependency;
			target = 82B766CB25507F6B00CBCEB9 /* CICDTest */;
			targetProxy = 82B766E925507F6D00CBCEB9 /* PBXContainerItemProxy */;
		};
/* End PBXTargetDependency section */

/* Begin XCBuildConfiguration section */
		82B766EF25507F6D00CBCEB9 /* Debug */ = {
			isa = XCBuildConfiguration;
			buildSettings = {
				ALWAYS_SEARCH_USER_PATHS = NO;
				CLANG_ANALYZER_NONNULL = YES;
				CLANG_ANALYZER_NUMBER_OBJECT_CONVERSION = YES_AGGRESSIVE;
				CLANG_CXX_LANGUAGE_STANDARD = "gnu++14";
				CLANG_CXX_LIBRARY = "libc++";
				CLANG_ENABLE_MODULES = YES;
				CLANG_ENABLE_OBJC_ARC = YES;
				CLANG_ENABLE_OBJC_WEAK = YES;
				CLANG_WARN_BLOCK_CAPTURE_AUTORELEASING = YES;
				CLANG_WARN_BOOL_CONVERSION = YES;
				CLANG_WARN_COMMA = YES;
				CLANG_WARN_CONSTANT_CONVERSION = YES;
				CLANG_WARN_DEPRECATED_OBJC_IMPLEMENTATIONS = YES;
				CLANG_WARN_DIRECT_OBJC_ISA_USAGE = YES_ERROR;
				CLANG_WARN_DOCUMENTATION_COMMENTS = YES;
				CLANG_WARN_EMPTY_BODY = YES;
				CLANG_WARN_ENUM_CONVERSION = YES;
				CLANG_WARN_INFINITE_RECURSION = YES;
				CLANG_WARN_INT_CONVERSION = YES;
				CLANG_WARN_NON_LITERAL_NULL_CONVERSION = YES;
				CLANG_WARN_OBJC_IMPLICIT_RETAIN_SELF = YES;
				CLANG_WARN_OBJC_LITERAL_CONVERSION = YES;
				CLANG_WARN_OBJC_ROOT_CLASS = YES_ERROR;
				CLANG_WARN_QUOTED_INCLUDE_IN_FRAMEWORK_HEADER = YES;
				CLANG_WARN_RANGE_LOOP_ANALYSIS = YES;
				CLANG_WARN_STRICT_PROTOTYPES = YES;
				CLANG_WARN_SUSPICIOUS_MOVE = YES;
				CLANG_WARN_UNGUARDED_AVAILABILITY = YES_AGGRESSIVE;
				CLANG_WARN_UNREACHABLE_CODE = YES;
				CLANG_WARN__DUPLICATE_METHOD_MATCH = YES;
				COPY_PHASE_STRIP = NO;
				DEBUG_INFORMATION_FORMAT = dwarf;
				ENABLE_STRICT_OBJC_MSGSEND = YES;
				ENABLE_TESTABILITY = YES;
				GCC_C_LANGUAGE_STANDARD = gnu11;
				GCC_DYNAMIC_NO_PIC = NO;
				GCC_NO_COMMON_BLOCKS = YES;
				GCC_OPTIMIZATION_LEVEL = 0;
				GCC_PREPROCESSOR_DEFINITIONS = (
					"DEBUG=1",
					"$(inherited)",
				);
				GCC_WARN_64_TO_32_BIT_CONVERSION = YES;
				GCC_WARN_ABOUT_RETURN_TYPE = YES_ERROR;
				GCC_WARN_UNDECLARED_SELECTOR = YES;
				GCC_WARN_UNINITIALIZED_AUTOS = YES_AGGRESSIVE;
				GCC_WARN_UNUSED_FUNCTION = YES;
				GCC_WARN_UNUSED_VARIABLE = YES;
				IPHONEOS_DEPLOYMENT_TARGET = 14.0;
				MTL_ENABLE_DEBUG_INFO = INCLUDE_SOURCE;
				MTL_FAST_MATH = YES;
				ONLY_ACTIVE_ARCH = YES;
				SDKROOT = iphoneos;
				SWIFT_ACTIVE_COMPILATION_CONDITIONS = DEBUG;
				SWIFT_OPTIMIZATION_LEVEL = "-Onone";
			};
			name = Debug;
		};
		82B766F025507F6D00CBCEB9 /* Release */ = {
			isa = XCBuildConfiguration;
			buildSettings = {
				ALWAYS_SEARCH_USER_PATHS = NO;
				CLANG_ANALYZER_NONNULL = YES;
				CLANG_ANALYZER_NUMBER_OBJECT_CONVERSION = YES_AGGRESSIVE;
				CLANG_CXX_LANGUAGE_STANDARD = "gnu++14";
				CLANG_CXX_LIBRARY = "libc++";
				CLANG_ENABLE_MODULES = YES;
				CLANG_ENABLE_OBJC_ARC = YES;
				CLANG_ENABLE_OBJC_WEAK = YES;
				CLANG_WARN_BLOCK_CAPTURE_AUTORELEASING = YES;
				CLANG_WARN_BOOL_CONVERSION = YES;
				CLANG_WARN_COMMA = YES;
				CLANG_WARN_CONSTANT_CONVERSION = YES;
				CLANG_WARN_DEPRECATED_OBJC_IMPLEMENTATIONS = YES;
				CLANG_WARN_DIRECT_OBJC_ISA_USAGE = YES_ERROR;
				CLANG_WARN_DOCUMENTATION_COMMENTS = YES;
				CLANG_WARN_EMPTY_BODY = YES;
				CLANG_WARN_ENUM_CONVERSION = YES;
				CLANG_WARN_INFINITE_RECURSION = YES;
				CLANG_WARN_INT_CONVERSION = YES;
				CLANG_WARN_NON_LITERAL_NULL_CONVERSION = YES;
				CLANG_WARN_OBJC_IMPLICIT_RETAIN_SELF = YES;
				CLANG_WARN_OBJC_LITERAL_CONVERSION = YES;
				CLANG_WARN_OBJC_ROOT_CLASS = YES_ERROR;
				CLANG_WARN_QUOTED_INCLUDE_IN_FRAMEWORK_HEADER = YES;
				CLANG_WARN_RANGE_LOOP_ANALYSIS = YES;
				CLANG_WARN_STRICT_PROTOTYPES = YES;
				CLANG_WARN_SUSPICIOUS_MOVE = YES;
				CLANG_WARN_UNGUARDED_AVAILABILITY = YES_AGGRESSIVE;
				CLANG_WARN_UNREACHABLE_CODE = YES;
				CLANG_WARN__DUPLICATE_METHOD_MATCH = YES;
				COPY_PHASE_STRIP = NO;
				DEBUG_INFORMATION_FORMAT = "dwarf-with-dsym";
				ENABLE_NS_ASSERTIONS = NO;
				ENABLE_STRICT_OBJC_MSGSEND = YES;
				GCC_C_LANGUAGE_STANDARD = gnu11;
				GCC_NO_COMMON_BLOCKS = YES;
				GCC_WARN_64_TO_32_BIT_CONVERSION = YES;
				GCC_WARN_ABOUT_RETURN_TYPE = YES_ERROR;
				GCC_WARN_UNDECLARED_SELECTOR = YES;
				GCC_WARN_UNINITIALIZED_AUTOS = YES_AGGRESSIVE;
				GCC_WARN_UNUSED_FUNCTION = YES;
				GCC_WARN_UNUSED_VARIABLE = YES;
				IPHONEOS_DEPLOYMENT_TARGET = 14.0;
				MTL_ENABLE_DEBUG_INFO = NO;
				MTL_FAST_MATH = YES;
				SDKROOT = iphoneos;
				SWIFT_COMPILATION_MODE = wholemodule;
				SWIFT_OPTIMIZATION_LEVEL = "-O";
				VALIDATE_PRODUCT = YES;
			};
			name = Release;
		};
		82B766F225507F6D00CBCEB9 /* Debug */ = {
			isa = XCBuildConfiguration;
			buildSettings = {
				ASSETCATALOG_COMPILER_APPICON_NAME = AppIcon;
				ASSETCATALOG_COMPILER_GLOBAL_ACCENT_COLOR_NAME = AccentColor;
				CODE_SIGN_STYLE = Automatic;
				DEVELOPMENT_ASSET_PATHS = "\"CICDTest/Preview Content\"";
				DEVELOPMENT_TEAM = CSPYV9P999;
				ENABLE_PREVIEWS = YES;
				INFOPLIST_FILE = CICDTest/Info.plist;
				IPHONEOS_DEPLOYMENT_TARGET = 14.0;
				LD_RUNPATH_SEARCH_PATHS = (
					"$(inherited)",
					"@executable_path/Frameworks",
				);
				PRODUCT_BUNDLE_IDENTIFIER = mohsen.CICDTest;
				PRODUCT_NAME = "$(TARGET_NAME)";
				SWIFT_VERSION = 5.0;
				TARGETED_DEVICE_FAMILY = "1,2";
			};
			name = Debug;
		};
		82B766F325507F6D00CBCEB9 /* Release */ = {
			isa = XCBuildConfiguration;
			buildSettings = {
				ASSETCATALOG_COMPILER_APPICON_NAME = AppIcon;
				ASSETCATALOG_COMPILER_GLOBAL_ACCENT_COLOR_NAME = AccentColor;
				CODE_SIGN_STYLE = Automatic;
				DEVELOPMENT_ASSET_PATHS = "\"CICDTest/Preview Content\"";
				DEVELOPMENT_TEAM = CSPYV9P999;
				ENABLE_PREVIEWS = YES;
				INFOPLIST_FILE = CICDTest/Info.plist;
				IPHONEOS_DEPLOYMENT_TARGET = 14.0;
				LD_RUNPATH_SEARCH_PATHS = (
					"$(inherited)",
					"@executable_path/Frameworks",
				);
				PRODUCT_BUNDLE_IDENTIFIER = mohsen.CICDTest;
				PRODUCT_NAME = "$(TARGET_NAME)";
				SWIFT_VERSION = 5.0;
				TARGETED_DEVICE_FAMILY = "1,2";
			};
			name = Release;
		};
		82B766F525507F6D00CBCEB9 /* Debug */ = {
			isa = XCBuildConfiguration;
			buildSettings = {
				ALWAYS_EMBED_SWIFT_STANDARD_LIBRARIES = YES;
				BUNDLE_LOADER = "$(TEST_HOST)";
				CODE_SIGN_STYLE = Automatic;
				DEVELOPMENT_TEAM = CSPYV9P999;
				INFOPLIST_FILE = CICDTestTests/Info.plist;
				IPHONEOS_DEPLOYMENT_TARGET = 14.0;
				LD_RUNPATH_SEARCH_PATHS = (
					"$(inherited)",
					"@executable_path/Frameworks",
					"@loader_path/Frameworks",
				);
				PRODUCT_BUNDLE_IDENTIFIER = mohsen.CICDTestTests;
				PRODUCT_NAME = "$(TARGET_NAME)";
				SWIFT_VERSION = 5.0;
				TARGETED_DEVICE_FAMILY = "1,2";
				TEST_HOST = "$(BUILT_PRODUCTS_DIR)/CICDTest.app/CICDTest";
			};
			name = Debug;
		};
		82B766F625507F6D00CBCEB9 /* Release */ = {
			isa = XCBuildConfiguration;
			buildSettings = {
				ALWAYS_EMBED_SWIFT_STANDARD_LIBRARIES = YES;
				BUNDLE_LOADER = "$(TEST_HOST)";
				CODE_SIGN_STYLE = Automatic;
				DEVELOPMENT_TEAM = CSPYV9P999;
				INFOPLIST_FILE = CICDTestTests/Info.plist;
				IPHONEOS_DEPLOYMENT_TARGET = 14.0;
				LD_RUNPATH_SEARCH_PATHS = (
					"$(inherited)",
					"@executable_path/Frameworks",
					"@loader_path/Frameworks",
				);
				PRODUCT_BUNDLE_IDENTIFIER = mohsen.CICDTestTests;
				PRODUCT_NAME = "$(TARGET_NAME)";
				SWIFT_VERSION = 5.0;
				TARGETED_DEVICE_FAMILY = "1,2";
				TEST_HOST = "$(BUILT_PRODUCTS_DIR)/CICDTest.app/CICDTest";
			};
			name = Release;
		};
		82B766F825507F6D00CBCEB9 /* Debug */ = {
			isa = XCBuildConfiguration;
			buildSettings = {
				ALWAYS_EMBED_SWIFT_STANDARD_LIBRARIES = YES;
				CODE_SIGN_STYLE = Automatic;
				DEVELOPMENT_TEAM = CSPYV9P999;
				INFOPLIST_FILE = CICDTestUITests/Info.plist;
				LD_RUNPATH_SEARCH_PATHS = (
					"$(inherited)",
					"@executable_path/Frameworks",
					"@loader_path/Frameworks",
				);
				PRODUCT_BUNDLE_IDENTIFIER = mohsen.CICDTestUITests;
				PRODUCT_NAME = "$(TARGET_NAME)";
				SWIFT_VERSION = 5.0;
				TARGETED_DEVICE_FAMILY = "1,2";
				TEST_TARGET_NAME = CICDTest;
			};
			name = Debug;
		};
		82B766F925507F6D00CBCEB9 /* Release */ = {
			isa = XCBuildConfiguration;
			buildSettings = {
				ALWAYS_EMBED_SWIFT_STANDARD_LIBRARIES = YES;
				CODE_SIGN_STYLE = Automatic;
				DEVELOPMENT_TEAM = CSPYV9P999;
				INFOPLIST_FILE = CICDTestUITests/Info.plist;
				LD_RUNPATH_SEARCH_PATHS = (
					"$(inherited)",
					"@executable_path/Frameworks",
					"@loader_path/Frameworks",
				);
				PRODUCT_BUNDLE_IDENTIFIER = mohsen.CICDTestUITests;
				PRODUCT_NAME = "$(TARGET_NAME)";
				SWIFT_VERSION = 5.0;
				TARGETED_DEVICE_FAMILY = "1,2";
				TEST_TARGET_NAME = CICDTest;
			};
			name = Release;
		};
/* End XCBuildConfiguration section */

/* Begin XCConfigurationList section */
		82B766C725507F6B00CBCEB9 /* Build configuration list for PBXProject "CICDTest" */ = {
			isa = XCConfigurationList;
			buildConfigurations = (
				82B766EF25507F6D00CBCEB9 /* Debug */,
				82B766F025507F6D00CBCEB9 /* Release */,
			);
			defaultConfigurationIsVisible = 0;
			defaultConfigurationName = Release;
		};
		82B766F125507F6D00CBCEB9 /* Build configuration list for PBXNativeTarget "CICDTest" */ = {
			isa = XCConfigurationList;
			buildConfigurations = (
				82B766F225507F6D00CBCEB9 /* Debug */,
				82B766F325507F6D00CBCEB9 /* Release */,
			);
			defaultConfigurationIsVisible = 0;
			defaultConfigurationName = Release;
		};
		82B766F425507F6D00CBCEB9 /* Build configuration list for PBXNativeTarget "CICDTestTests" */ = {
			isa = XCConfigurationList;
			buildConfigurations = (
				82B766F525507F6D00CBCEB9 /* Debug */,
				82B766F625507F6D00CBCEB9 /* Release */,
			);
			defaultConfigurationIsVisible = 0;
			defaultConfigurationName = Release;
		};
		82B766F725507F6D00CBCEB9 /* Build configuration list for PBXNativeTarget "CICDTestUITests" */ = {
			isa = XCConfigurationList;
			buildConfigurations = (
				82B766F825507F6D00CBCEB9 /* Debug */,
				82B766F925507F6D00CBCEB9 /* Release */,
			);
			defaultConfigurationIsVisible = 0;
			defaultConfigurationName = Release;
		};
/* End XCConfigurationList section */
	};
	rootObject = 82B766C425507F6B00CBCEB9 /* Project object */;
}
